
Microsoft Visual Studio Solution File, Format Version 12.00
# Visual Studio Version 16
VisualStudioVersion = 16.0.30104.148
MinimumVisualStudioVersion = 10.0.40219.1
Project("{FAE04EC0-301F-11D3-BF4B-00C04F79EFBC}") = "CreationProject_RP", "CreationProject_RP\CreationProject_RP.csproj", "{737D6E66-4E6C-48AD-BBB0-3DA9E214F9BD}"
EndProject
Global
	GlobalSection(SolutionConfigurationPlatforms) = preSolution
		Debug|Any CPU = Debug|Any CPU
		Release|Any CPU = Release|Any CPU
	EndGlobalSection
	GlobalSection(ProjectConfigurationPlatforms) = postSolution
		{737D6E66-4E6C-48AD-BBB0-3DA9E214F9BD}.Debug|Any CPU.ActiveCfg = Debug|Any CPU
		{737D6E66-4E6C-48AD-BBB0-3DA9E214F9BD}.Debug|Any CPU.Build.0 = Debug|Any CPU
		{737D6E66-4E6C-48AD-BBB0-3DA9E214F9BD}.Release|Any CPU.ActiveCfg = Release|Any CPU
		{737D6E66-4E6C-48AD-BBB0-3DA9E214F9BD}.Release|Any CPU.Build.0 = Release|Any CPU
	EndGlobalSection
	GlobalSection(SolutionProperties) = preSolution
		HideSolutionNode = FALSE
	EndGlobalSection
	GlobalSection(ExtensibilityGlobals) = postSolution
		SolutionGuid = {0924ADE6-0ECC-4FA4-A24C-4F5F71B1ABD7}
	EndGlobalSection
EndGlobal
